// !$*UTF8*$!
{
	archiveVersion = 1;
	classes = {
	};
	objectVersion = 46;
	objects = {

/* Begin PBXBuildFile section */
		E848797C182D5E330007A835 /* Foundation.framework in Frameworks */ = {isa = PBXBuildFile; fileRef = E848797B182D5E330007A835 /* Foundation.framework */; };
		E848797E182D5E330007A835 /* CoreGraphics.framework in Frameworks */ = {isa = PBXBuildFile; fileRef = E848797D182D5E330007A835 /* CoreGraphics.framework */; };
		E8487980182D5E330007A835 /* UIKit.framework in Frameworks */ = {isa = PBXBuildFile; fileRef = E848797F182D5E330007A835 /* UIKit.framework */; };
		E8487986182D5E330007A835 /* InfoPlist.strings in Resources */ = {isa = PBXBuildFile; fileRef = E8487984182D5E330007A835 /* InfoPlist.strings */; };
		E8487988182D5E330007A835 /* main.m in Sources */ = {isa = PBXBuildFile; fileRef = E8487987182D5E330007A835 /* main.m */; };
		E848798C182D5E330007A835 /* AppDelegate.m in Sources */ = {isa = PBXBuildFile; fileRef = E848798B182D5E330007A835 /* AppDelegate.m */; };
		E848798F182D5E330007A835 /* Main.storyboard in Resources */ = {isa = PBXBuildFile; fileRef = E848798D182D5E330007A835 /* Main.storyboard */; };
		E8487992182D5E330007A835 /* ViewController.m in Sources */ = {isa = PBXBuildFile; fileRef = E8487991182D5E330007A835 /* ViewController.m */; };
		E8487994182D5E330007A835 /* Images.xcassets in Resources */ = {isa = PBXBuildFile; fileRef = E8487993182D5E330007A835 /* Images.xcassets */; };
		E848799B182D5E330007A835 /* XCTest.framework in Frameworks */ = {isa = PBXBuildFile; fileRef = E848799A182D5E330007A835 /* XCTest.framework */; };
		E848799C182D5E330007A835 /* Foundation.framework in Frameworks */ = {isa = PBXBuildFile; fileRef = E848797B182D5E330007A835 /* Foundation.framework */; };
		E848799D182D5E330007A835 /* UIKit.framework in Frameworks */ = {isa = PBXBuildFile; fileRef = E848797F182D5E330007A835 /* UIKit.framework */; };
		E84879A5182D5E330007A835 /* InfoPlist.strings in Resources */ = {isa = PBXBuildFile; fileRef = E84879A3182D5E330007A835 /* InfoPlist.strings */; };
		E84879A7182D5E330007A835 /* PickerTestTests.m in Sources */ = {isa = PBXBuildFile; fileRef = E84879A6182D5E330007A835 /* PickerTestTests.m */; };
		E8EE5A24182D6B2B00031646 /* FLApplication.m in Sources */ = {isa = PBXBuildFile; fileRef = E8EE5A23182D6B2B00031646 /* FLApplication.m */; };
		E8EE5A76182E912F00031646 /* README.md in Resources */ = {isa = PBXBuildFile; fileRef = E8EE5A75182E912F00031646 /* README.md */; };
/* End PBXBuildFile section */

/* Begin PBXContainerItemProxy section */
		E848799E182D5E330007A835 /* PBXContainerItemProxy */ = {
			isa = PBXContainerItemProxy;
			containerPortal = E8487970182D5E330007A835 /* Project object */;
			proxyType = 1;
			remoteGlobalIDString = E8487977182D5E330007A835;
			remoteInfo = PickerTest;
		};
/* End PBXContainerItemProxy section */

/* Begin PBXFileReference section */
		E8487978182D5E330007A835 /* PickerTest.app */ = {isa = PBXFileReference; explicitFileType = wrapper.application; includeInIndex = 0; path = PickerTest.app; sourceTree = BUILT_PRODUCTS_DIR; };
		E848797B182D5E330007A835 /* Foundation.framework */ = {isa = PBXFileReference; lastKnownFileType = wrapper.framework; name = Foundation.framework; path = System/Library/Frameworks/Foundation.framework; sourceTree = SDKROOT; };
		E848797D182D5E330007A835 /* CoreGraphics.framework */ = {isa = PBXFileReference; lastKnownFileType = wrapper.framework; name = CoreGraphics.framework; path = System/Library/Frameworks/CoreGraphics.framework; sourceTree = SDKROOT; };
		E848797F182D5E330007A835 /* UIKit.framework */ = {isa = PBXFileReference; lastKnownFileType = wrapper.framework; name = UIKit.framework; path = System/Library/Frameworks/UIKit.framework; sourceTree = SDKROOT; };
		E8487983182D5E330007A835 /* PickerTest-Info.plist */ = {isa = PBXFileReference; lastKnownFileType = text.plist.xml; path = "PickerTest-Info.plist"; sourceTree = "<group>"; };
		E8487985182D5E330007A835 /* en */ = {isa = PBXFileReference; lastKnownFileType = text.plist.strings; name = en; path = en.lproj/InfoPlist.strings; sourceTree = "<group>"; };
		E8487987182D5E330007A835 /* main.m */ = {isa = PBXFileReference; lastKnownFileType = sourcecode.c.objc; path = main.m; sourceTree = "<group>"; };
		E8487989182D5E330007A835 /* PickerTest-Prefix.pch */ = {isa = PBXFileReference; lastKnownFileType = sourcecode.c.h; path = "PickerTest-Prefix.pch"; sourceTree = "<group>"; };
		E848798A182D5E330007A835 /* AppDelegate.h */ = {isa = PBXFileReference; lastKnownFileType = sourcecode.c.h; path = AppDelegate.h; sourceTree = "<group>"; };
		E848798B182D5E330007A835 /* AppDelegate.m */ = {isa = PBXFileReference; lastKnownFileType = sourcecode.c.objc; path = AppDelegate.m; sourceTree = "<group>"; };
		E848798E182D5E330007A835 /* Base */ = {isa = PBXFileReference; lastKnownFileType = file.storyboard; name = Base; path = Base.lproj/Main.storyboard; sourceTree = "<group>"; };
		E8487990182D5E330007A835 /* ViewController.h */ = {isa = PBXFileReference; lastKnownFileType = sourcecode.c.h; path = ViewController.h; sourceTree = "<group>"; };
		E8487991182D5E330007A835 /* ViewController.m */ = {isa = PBXFileReference; lastKnownFileType = sourcecode.c.objc; path = ViewController.m; sourceTree = "<group>"; };
		E8487993182D5E330007A835 /* Images.xcassets */ = {isa = PBXFileReference; lastKnownFileType = folder.assetcatalog; path = Images.xcassets; sourceTree = "<group>"; };
		E8487999182D5E330007A835 /* PickerTestTests.xctest */ = {isa = PBXFileReference; explicitFileType = wrapper.cfbundle; includeInIndex = 0; path = PickerTestTests.xctest; sourceTree = BUILT_PRODUCTS_DIR; };
		E848799A182D5E330007A835 /* XCTest.framework */ = {isa = PBXFileReference; lastKnownFileType = wrapper.framework; name = XCTest.framework; path = Library/Frameworks/XCTest.framework; sourceTree = DEVELOPER_DIR; };
		E84879A2182D5E330007A835 /* PickerTestTests-Info.plist */ = {isa = PBXFileReference; lastKnownFileType = text.plist.xml; path = "PickerTestTests-Info.plist"; sourceTree = "<group>"; };
		E84879A4182D5E330007A835 /* en */ = {isa = PBXFileReference; lastKnownFileType = text.plist.strings; name = en; path = en.lproj/InfoPlist.strings; sourceTree = "<group>"; };
		E84879A6182D5E330007A835 /* PickerTestTests.m */ = {isa = PBXFileReference; lastKnownFileType = sourcecode.c.objc; path = PickerTestTests.m; sourceTree = "<group>"; };
		E8EE5A22182D6B2B00031646 /* FLApplication.h */ = {isa = PBXFileReference; fileEncoding = 4; lastKnownFileType = sourcecode.c.h; path = FLApplication.h; sourceTree = "<group>"; };
		E8EE5A23182D6B2B00031646 /* FLApplication.m */ = {isa = PBXFileReference; fileEncoding = 4; lastKnownFileType = sourcecode.c.objc; path = FLApplication.m; sourceTree = "<group>"; };
		E8EE5A75182E912F00031646 /* README.md */ = {isa = PBXFileReference; fileEncoding = 4; lastKnownFileType = text; path = README.md; sourceTree = "<group>"; };
/* End PBXFileReference section */

/* Begin PBXFrameworksBuildPhase section */
		E8487975182D5E330007A835 /* Frameworks */ = {
			isa = PBXFrameworksBuildPhase;
			buildActionMask = 2147483647;
			files = (
				E848797E182D5E330007A835 /* CoreGraphics.framework in Frameworks */,
				E8487980182D5E330007A835 /* UIKit.framework in Frameworks */,
				E848797C182D5E330007A835 /* Foundation.framework in Frameworks */,
			);
			runOnlyForDeploymentPostprocessing = 0;
		};
		E8487996182D5E330007A835 /* Frameworks */ = {
			isa = PBXFrameworksBuildPhase;
			buildActionMask = 2147483647;
			files = (
				E848799B182D5E330007A835 /* XCTest.framework in Frameworks */,
				E848799D182D5E330007A835 /* UIKit.framework in Frameworks */,
				E848799C182D5E330007A835 /* Foundation.framework in Frameworks */,
			);
			runOnlyForDeploymentPostprocessing = 0;
		};
/* End PBXFrameworksBuildPhase section */

/* Begin PBXGroup section */
		E848796F182D5E330007A835 = {
			isa = PBXGroup;
			children = (
				E8487981182D5E330007A835 /* PickerTest */,
				E84879A0182D5E330007A835 /* PickerTestTests */,
				E848797A182D5E330007A835 /* Frameworks */,
				E8487979182D5E330007A835 /* Products */,
			);
			sourceTree = "<group>";
		};
		E8487979182D5E330007A835 /* Products */ = {
			isa = PBXGroup;
			children = (
				E8487978182D5E330007A835 /* PickerTest.app */,
				E8487999182D5E330007A835 /* PickerTestTests.xctest */,
			);
			name = Products;
			sourceTree = "<group>";
		};
		E848797A182D5E330007A835 /* Frameworks */ = {
			isa = PBXGroup;
			children = (
				E848797B182D5E330007A835 /* Foundation.framework */,
				E848797D182D5E330007A835 /* CoreGraphics.framework */,
				E848797F182D5E330007A835 /* UIKit.framework */,
				E848799A182D5E330007A835 /* XCTest.framework */,
			);
			name = Frameworks;
			sourceTree = "<group>";
		};
		E8487981182D5E330007A835 /* PickerTest */ = {
			isa = PBXGroup;
			children = (
				E8EE5A75182E912F00031646 /* README.md */,
				E848798A182D5E330007A835 /* AppDelegate.h */,
				E8EE5A22182D6B2B00031646 /* FLApplication.h */,
				E8EE5A23182D6B2B00031646 /* FLApplication.m */,
				E848798B182D5E330007A835 /* AppDelegate.m */,
				E848798D182D5E330007A835 /* Main.storyboard */,
				E8487990182D5E330007A835 /* ViewController.h */,
				E8487991182D5E330007A835 /* ViewController.m */,
				E8487993182D5E330007A835 /* Images.xcassets */,
				E8487982182D5E330007A835 /* Supporting Files */,
			);
			path = PickerTest;
			sourceTree = "<group>";
		};
		E8487982182D5E330007A835 /* Supporting Files */ = {
			isa = PBXGroup;
			children = (
				E8487983182D5E330007A835 /* PickerTest-Info.plist */,
				E8487984182D5E330007A835 /* InfoPlist.strings */,
				E8487987182D5E330007A835 /* main.m */,
				E8487989182D5E330007A835 /* PickerTest-Prefix.pch */,
			);
			name = "Supporting Files";
			sourceTree = "<group>";
		};
		E84879A0182D5E330007A835 /* PickerTestTests */ = {
			isa = PBXGroup;
			children = (
				E84879A6182D5E330007A835 /* PickerTestTests.m */,
				E84879A1182D5E330007A835 /* Supporting Files */,
			);
			path = PickerTestTests;
			sourceTree = "<group>";
		};
		E84879A1182D5E330007A835 /* Supporting Files */ = {
			isa = PBXGroup;
			children = (
				E84879A2182D5E330007A835 /* PickerTestTests-Info.plist */,
				E84879A3182D5E330007A835 /* InfoPlist.strings */,
			);
			name = "Supporting Files";
			sourceTree = "<group>";
		};
/* End PBXGroup section */

/* Begin PBXNativeTarget section */
		E8487977182D5E330007A835 /* PickerTest */ = {
			isa = PBXNativeTarget;
			buildConfigurationList = E84879AA182D5E330007A835 /* Build configuration list for PBXNativeTarget "PickerTest" */;
			buildPhases = (
				E8487974182D5E330007A835 /* Sources */,
				E8487975182D5E330007A835 /* Frameworks */,
				E8487976182D5E330007A835 /* Resources */,
			);
			buildRules = (
			);
			dependencies = (
			);
			name = PickerTest;
			productName = PickerTest;
			productReference = E8487978182D5E330007A835 /* PickerTest.app */;
			productType = "com.apple.product-type.application";
		};
		E8487998182D5E330007A835 /* PickerTestTests */ = {
			isa = PBXNativeTarget;
			buildConfigurationList = E84879AD182D5E330007A835 /* Build configuration list for PBXNativeTarget "PickerTestTests" */;
			buildPhases = (
				E8487995182D5E330007A835 /* Sources */,
				E8487996182D5E330007A835 /* Frameworks */,
				E8487997182D5E330007A835 /* Resources */,
			);
			buildRules = (
			);
			dependencies = (
				E848799F182D5E330007A835 /* PBXTargetDependency */,
			);
			name = PickerTestTests;
			productName = PickerTestTests;
			productReference = E8487999182D5E330007A835 /* PickerTestTests.xctest */;
			productType = "com.apple.product-type.bundle.unit-test";
		};
/* End PBXNativeTarget section */

/* Begin PBXProject section */
		E8487970182D5E330007A835 /* Project object */ = {
			isa = PBXProject;
			attributes = {
				LastUpgradeCheck = 0500;
				ORGANIZATIONNAME = Lombardo;
				TargetAttributes = {
					E8487998182D5E330007A835 = {
						TestTargetID = E8487977182D5E330007A835;
					};
				};
			};
			buildConfigurationList = E8487973182D5E330007A835 /* Build configuration list for PBXProject "PickerTest" */;
			compatibilityVersion = "Xcode 3.2";
			developmentRegion = English;
			hasScannedForEncodings = 0;
			knownRegions = (
				en,
				Base,
			);
			mainGroup = E848796F182D5E330007A835;
			productRefGroup = E8487979182D5E330007A835 /* Products */;
			projectDirPath = "";
			projectRoot = "";
			targets = (
				E8487977182D5E330007A835 /* PickerTest */,
				E8487998182D5E330007A835 /* PickerTestTests */,
			);
		};
/* End PBXProject section */

/* Begin PBXResourcesBuildPhase section */
		E8487976182D5E330007A835 /* Resources */ = {
			isa = PBXResourcesBuildPhase;
			buildActionMask = 2147483647;
			files = (
				E8487994182D5E330007A835 /* Images.xcassets in Resources */,
				E8487986182D5E330007A835 /* InfoPlist.strings in Resources */,
				E8EE5A76182E912F00031646 /* README.md in Resources */,
				E848798F182D5E330007A835 /* Main.storyboard in Resources */,
			);
			runOnlyForDeploymentPostprocessing = 0;
		};
		E8487997182D5E330007A835 /* Resources */ = {
			isa = PBXResourcesBuildPhase;
			buildActionMask = 2147483647;
			files = (
				E84879A5182D5E330007A835 /* InfoPlist.strings in Resources */,
			);
			runOnlyForDeploymentPostprocessing = 0;
		};
/* End PBXResourcesBuildPhase section */

/* Begin PBXSourcesBuildPhase section */
		E8487974182D5E330007A835 /* Sources */ = {
			isa = PBXSourcesBuildPhase;
			buildActionMask = 2147483647;
			files = (
				E8EE5A24182D6B2B00031646 /* FLApplication.m in Sources */,
				E8487992182D5E330007A835 /* ViewController.m in Sources */,
				E848798C182D5E330007A835 /* AppDelegate.m in Sources */,
				E8487988182D5E330007A835 /* main.m in Sources */,
			);
			runOnlyForDeploymentPostprocessing = 0;
		};
		E8487995182D5E330007A835 /* Sources */ = {
			isa = PBXSourcesBuildPhase;
			buildActionMask = 2147483647;
			files = (
				E84879A7182D5E330007A835 /* PickerTestTests.m in Sources */,
			);
			runOnlyForDeploymentPostprocessing = 0;
		};
/* End PBXSourcesBuildPhase section */

/* Begin PBXTargetDependency section */
		E848799F182D5E330007A835 /* PBXTargetDependency */ = {
			isa = PBXTargetDependency;
			target = E8487977182D5E330007A835 /* PickerTest */;
			targetProxy = E848799E182D5E330007A835 /* PBXContainerItemProxy */;
		};
/* End PBXTargetDependency section */

/* Begin PBXVariantGroup section */
		E8487984182D5E330007A835 /* InfoPlist.strings */ = {
			isa = PBXVariantGroup;
			children = (
				E8487985182D5E330007A835 /* en */,
			);
			name = InfoPlist.strings;
			sourceTree = "<group>";
		};
		E848798D182D5E330007A835 /* Main.storyboard */ = {
			isa = PBXVariantGroup;
			children = (
				E848798E182D5E330007A835 /* Base */,
			);
			name = Main.storyboard;
			sourceTree = "<group>";
		};
		E84879A3182D5E330007A835 /* InfoPlist.strings */ = {
			isa = PBXVariantGroup;
			children = (
				E84879A4182D5E330007A835 /* en */,
			);
			name = InfoPlist.strings;
			sourceTree = "<group>";
		};
/* End PBXVariantGroup section */

/* Begin XCBuildConfiguration section */
		E84879A8182D5E330007A835 /* Debug */ = {
			isa = XCBuildConfiguration;
			buildSettings = {
				ALWAYS_SEARCH_USER_PATHS = NO;
				ARCHS = "$(ARCHS_STANDARD_INCLUDING_64_BIT)";
				CLANG_CXX_LANGUAGE_STANDARD = "gnu++0x";
				CLANG_CXX_LIBRARY = "libc++";
				CLANG_ENABLE_MODULES = YES;
				CLANG_ENABLE_OBJC_ARC = YES;
				CLANG_WARN_BOOL_CONVERSION = YES;
				CLANG_WARN_CONSTANT_CONVERSION = YES;
				CLANG_WARN_DIRECT_OBJC_ISA_USAGE = YES_ERROR;
				CLANG_WARN_EMPTY_BODY = YES;
				CLANG_WARN_ENUM_CONVERSION = YES;
				CLANG_WARN_INT_CONVERSION = YES;
				CLANG_WARN_OBJC_ROOT_CLASS = YES_ERROR;
				CLANG_WARN__DUPLICATE_METHOD_MATCH = YES;
				"CODE_SIGN_IDENTITY[sdk=iphoneos*]" = "iPhone Developer";
				COPY_PHASE_STRIP = NO;
				GCC_C_LANGUAGE_STANDARD = gnu99;
				GCC_DYNAMIC_NO_PIC = NO;
				GCC_OPTIMIZATION_LEVEL = 0;
				GCC_PREPROCESSOR_DEFINITIONS = (
					"DEBUG=1",
					"$(inherited)",
				);
				GCC_SYMBOLS_PRIVATE_EXTERN = NO;
				GCC_WARN_64_TO_32_BIT_CONVERSION = YES;
				GCC_WARN_ABOUT_RETURN_TYPE = YES_ERROR;
				GCC_WARN_UNDECLARED_SELECTOR = YES;
				GCC_WARN_UNINITIALIZED_AUTOS = YES;
				GCC_WARN_UNUSED_FUNCTION = YES;
				GCC_WARN_UNUSED_VARIABLE = YES;
				IPHONEOS_DEPLOYMENT_TARGET = 7.0;
				ONLY_ACTIVE_ARCH = YES;
				SDKROOT = iphoneos;
			};
			name = Debug;
		};
		E84879A9182D5E330007A835 /* Release */ = {
			isa = XCBuildConfiguration;
			buildSettings = {
				ALWAYS_SEARCH_USER_PATHS = NO;
				ARCHS = "$(ARCHS_STANDARD_INCLUDING_64_BIT)";
				CLANG_CXX_LANGUAGE_STANDARD = "gnu++0x";
				CLANG_CXX_LIBRARY = "libc++";
				CLANG_ENABLE_MODULES = YES;
				CLANG_ENABLE_OBJC_ARC = YES;
				CLANG_WARN_BOOL_CONVERSION = YES;
				CLANG_WARN_CONSTANT_CONVERSION = YES;
				CLANG_WARN_DIRECT_OBJC_ISA_USAGE = YES_ERROR;
				CLANG_WARN_EMPTY_BODY = YES;
				CLANG_WARN_ENUM_CONVERSION = YES;
				CLANG_WARN_INT_CONVERSION = YES;
				CLANG_WARN_OBJC_ROOT_CLASS = YES_ERROR;
				CLANG_WARN__DUPLICATE_METHOD_MATCH = YES;
				"CODE_SIGN_IDENTITY[sdk=iphoneos*]" = "iPhone Developer";
				COPY_PHASE_STRIP = YES;
				ENABLE_NS_ASSERTIONS = NO;
				GCC_C_LANGUAGE_STANDARD = gnu99;
				GCC_WARN_64_TO_32_BIT_CONVERSION = YES;
				GCC_WARN_ABOUT_RETURN_TYPE = YES_ERROR;
				GCC_WARN_UNDECLARED_SELECTOR = YES;
				GCC_WARN_UNINITIALIZED_AUTOS = YES;
				GCC_WARN_UNUSED_FUNCTION = YES;
				GCC_WARN_UNUSED_VARIABLE = YES;
				IPHONEOS_DEPLOYMENT_TARGET = 7.0;
				SDKROOT = iphoneos;
				VALIDATE_PRODUCT = YES;
			};
			name = Release;
		};
		E84879AB182D5E330007A835 /* Debug */ = {
			isa = XCBuildConfiguration;
			buildSettings = {
				ASSETCATALOG_COMPILER_APPICON_NAME = AppIcon;
				ASSETCATALOG_COMPILER_LAUNCHIMAGE_NAME = LaunchImage;
				GCC_PRECOMPILE_PREFIX_HEADER = YES;
				GCC_PREFIX_HEADER = "PickerTest/PickerTest-Prefix.pch";
				INFOPLIST_FILE = "PickerTest/PickerTest-Info.plist";
				PRODUCT_NAME = "$(TARGET_NAME)";
				WRAPPER_EXTENSION = app;
			};
			name = Debug;
		};
		E84879AC182D5E330007A835 /* Release */ = {
			isa = XCBuildConfiguration;
			buildSettings = {
				ASSETCATALOG_COMPILER_APPICON_NAME = AppIcon;
				ASSETCATALOG_COMPILER_LAUNCHIMAGE_NAME = LaunchImage;
				GCC_PRECOMPILE_PREFIX_HEADER = YES;
				GCC_PREFIX_HEADER = "PickerTest/PickerTest-Prefix.pch";
				INFOPLIST_FILE = "PickerTest/PickerTest-Info.plist";
				PRODUCT_NAME = "$(TARGET_NAME)";
				WRAPPER_EXTENSION = app;
			};
			name = Release;
		};
		E84879AE182D5E330007A835 /* Debug */ = {
			isa = XCBuildConfiguration;
			buildSettings = {
				ARCHS = "$(ARCHS_STANDARD_INCLUDING_64_BIT)";
				BUNDLE_LOADER = "$(BUILT_PRODUCTS_DIR)/PickerTest.app/PickerTest";
				FRAMEWORK_SEARCH_PATHS = (
					"$(SDKROOT)/Developer/Library/Frameworks",
					"$(inherited)",
					"$(DEVELOPER_FRAMEWORKS_DIR)",
				);
				GCC_PRECOMPILE_PREFIX_HEADER = YES;
				GCC_PREFIX_HEADER = "PickerTest/PickerTest-Prefix.pch";
				GCC_PREPROCESSOR_DEFINITIONS = (
					"DEBUG=1",
					"$(inherited)",
				);
				INFOPLIST_FILE = "PickerTestTests/PickerTestTests-Info.plist";
				PRODUCT_NAME = "$(TARGET_NAME)";
				TEST_HOST = "$(BUNDLE_LOADER)";
				WRAPPER_EXTENSION = xctest;
			};
			name = Debug;
		};
		E84879AF182D5E330007A835 /* Release */ = {
			isa = XCBuildConfiguration;
			buildSettings = {
				ARCHS = "$(ARCHS_STANDARD_INCLUDING_64_BIT)";
				BUNDLE_LOADER = "$(BUILT_PRODUCTS_DIR)/PickerTest.app/PickerTest";
				FRAMEWORK_SEARCH_PATHS = (
					"$(SDKROOT)/Developer/Library/Frameworks",
					"$(inherited)",
					"$(DEVELOPER_FRAMEWORKS_DIR)",
				);
				GCC_PRECOMPILE_PREFIX_HEADER = YES;
				GCC_PREFIX_HEADER = "PickerTest/PickerTest-Prefix.pch";
				INFOPLIST_FILE = "PickerTestTests/PickerTestTests-Info.plist";
				PRODUCT_NAME = "$(TARGET_NAME)";
				TEST_HOST = "$(BUNDLE_LOADER)";
				WRAPPER_EXTENSION = xctest;
			};
			name = Release;
		};
/* End XCBuildConfiguration section */

/* Begin XCConfigurationList section */
		E8487973182D5E330007A835 /* Build configuration list for PBXProject "PickerTest" */ = {
			isa = XCConfigurationList;
			buildConfigurations = (
				E84879A8182D5E330007A835 /* Debug */,
				E84879A9182D5E330007A835 /* Release */,
			);
			defaultConfigurationIsVisible = 0;
			defaultConfigurationName = Release;
		};
		E84879AA182D5E330007A835 /* Build configuration list for PBXNativeTarget "PickerTest" */ = {
			isa = XCConfigurationList;
			buildConfigurations = (
				E84879AB182D5E330007A835 /* Debug */,
				E84879AC182D5E330007A835 /* Release */,
			);
			defaultConfigurationIsVisible = 0;
			defaultConfigurationName = Release;
		};
		E84879AD182D5E330007A835 /* Build configuration list for PBXNativeTarget "PickerTestTests" */ = {
			isa = XCConfigurationList;
			buildConfigurations = (
				E84879AE182D5E330007A835 /* Debug */,
				E84879AF182D5E330007A835 /* Release */,
			);
			defaultConfigurationIsVisible = 0;
			defaultConfigurationName = Release;
		};
/* End XCConfigurationList section */
	};
	rootObject = E8487970182D5E330007A835 /* Project object */;
}
